
Microsoft Visual Studio Solution File, Format Version 12.00
# Visual Studio 15
VisualStudioVersion = 15.0.28010.2048
MinimumVisualStudioVersion = 10.0.40219.1
Project("{FAE04EC0-301F-11D3-BF4B-00C04F79EFBC}") = "StegoCrypto", "StegoCrypto\StegoCrypto.csproj", "{40DEC747-A8A8-421D-B8AB-BF050CE7CDF7}"
EndProject
Project("{FAE04EC0-301F-11D3-BF4B-00C04F79EFBC}") = "StegoCryptoUnitTesting", "StegoCryptoUnitTesting\StegoCryptoUnitTesting.csproj", "{6FBCD941-BBEB-4368-A8E9-C76D145F9BAA}"
EndProject
Project("{2150E333-8FDC-42A3-9474-1A3956D46DE8}") = "Solution Items", "Solution Items", "{85E53D3D-B9C8-4FAD-8EFB-034C06AED3C2}"
	ProjectSection(SolutionItems) = preProject
		Readme.MD = Readme.MD
	EndProjectSection
EndProject
Global
	GlobalSection(SolutionConfigurationPlatforms) = preSolution
		Debug|Any CPU = Debug|Any CPU
		Release|Any CPU = Release|Any CPU
	EndGlobalSection
	GlobalSection(ProjectConfigurationPlatforms) = postSolution
		{40DEC747-A8A8-421D-B8AB-BF050CE7CDF7}.Debug|Any CPU.ActiveCfg = Debug|Any CPU
		{40DEC747-A8A8-421D-B8AB-BF050CE7CDF7}.Debug|Any CPU.Build.0 = Debug|Any CPU
		{40DEC747-A8A8-421D-B8AB-BF050CE7CDF7}.Release|Any CPU.ActiveCfg = Release|Any CPU
		{40DEC747-A8A8-421D-B8AB-BF050CE7CDF7}.Release|Any CPU.Build.0 = Release|Any CPU
		{6FBCD941-BBEB-4368-A8E9-C76D145F9BAA}.Debug|Any CPU.ActiveCfg = Debug|Any CPU
		{6FBCD941-BBEB-4368-A8E9-C76D145F9BAA}.Debug|Any CPU.Build.0 = Debug|Any CPU
		{6FBCD941-BBEB-4368-A8E9-C76D145F9BAA}.Release|Any CPU.ActiveCfg = Release|Any CPU
		{6FBCD941-BBEB-4368-A8E9-C76D145F9BAA}.Release|Any CPU.Build.0 = Release|Any CPU
	EndGlobalSection
	GlobalSection(SolutionProperties) = preSolution
		HideSolutionNode = FALSE
	EndGlobalSection
	GlobalSection(ExtensibilityGlobals) = postSolution
		SolutionGuid = {1796AAE5-5791-43C6-9D5D-70971C9B8B27}
	EndGlobalSection
EndGlobal
