
Microsoft Visual Studio Solution File, Format Version 12.00
# Visual Studio 14
VisualStudioVersion = 14.0.25420.1
MinimumVisualStudioVersion = 10.0.40219.1
Project("{FAE04EC0-301F-11D3-BF4B-00C04F79EFBC}") = "StegoCrypto", "StegoCrypto\StegoCrypto.csproj", "{40DEC747-A8A8-421D-B8AB-BF050CE7CDF7}"
EndProject
Project("{FAE04EC0-301F-11D3-BF4B-00C04F79EFBC}") = "StegoCryptoUnitTesting", "StegoCryptoUnitTesting\StegoCryptoUnitTesting.csproj", "{6FBCD941-BBEB-4368-A8E9-C76D145F9BAA}"
EndProject
Global
	GlobalSection(SolutionConfigurationPlatforms) = preSolution
		Debug|Any CPU = Debug|Any CPU
		Release|Any CPU = Release|Any CPU
	EndGlobalSection
	GlobalSection(ProjectConfigurationPlatforms) = postSolution
		{40DEC747-A8A8-421D-B8AB-BF050CE7CDF7}.Debug|Any CPU.ActiveCfg = Debug|Any CPU
		{40DEC747-A8A8-421D-B8AB-BF050CE7CDF7}.Debug|Any CPU.Build.0 = Debug|Any CPU
		{40DEC747-A8A8-421D-B8AB-BF050CE7CDF7}.Release|Any CPU.ActiveCfg = Release|Any CPU
		{40DEC747-A8A8-421D-B8AB-BF050CE7CDF7}.Release|Any CPU.Build.0 = Release|Any CPU
		{6FBCD941-BBEB-4368-A8E9-C76D145F9BAA}.Debug|Any CPU.ActiveCfg = Debug|Any CPU
		{6FBCD941-BBEB-4368-A8E9-C76D145F9BAA}.Debug|Any CPU.Build.0 = Debug|Any CPU
		{6FBCD941-BBEB-4368-A8E9-C76D145F9BAA}.Release|Any CPU.ActiveCfg = Release|Any CPU
		{6FBCD941-BBEB-4368-A8E9-C76D145F9BAA}.Release|Any CPU.Build.0 = Release|Any CPU
	EndGlobalSection
	GlobalSection(SolutionProperties) = preSolution
		HideSolutionNode = FALSE
	EndGlobalSection
EndGlobal
